{
  "originHash" : "6ed670bfc2ff977ecdec619bf7c1dca31c0957322a14863b64eb51a8bd487872",
  "pins" : [
    {
      "identity" : "realm-core",
      "kind" : "remoteSourceControl",
      "location" : "https://github.com/realm/realm-core.git",
      "state" : {
        "revision" : "c2552e1d36867cb42b28130e894a81fc17081062",
        "version" : "14.12.0"
      }
    },
    {
      "identity" : "realm-swift",
      "kind" : "remoteSourceControl",
      "location" : "https://github.com/realm/realm-swift.git",
      "state" : {
        "revision" : "9815e6c29d43cb5314add5dff8705c5476ab556c",
        "version" : "10.53.0"
      }
    },
    {
      "identity" : "reswift",
      "kind" : "remoteSourceControl",
      "location" : "https://github.com/ReSwift/ReSwift.git",
      "state" : {
        "revision" : "cb5c3c02f652420ef413dea41e13ac5a76b6c0fd",
        "version" : "6.1.1"
      }
    },
    {
      "identity" : "rotatinglabel",
      "kind" : "remoteSourceControl",
      "location" : "https://github.com/raymondjavaxx/RotatingLabel.git",
      "state" : {
        "revision" : "3f8aa95d431a186b02743ef65e43003567f91d58",
        "version" : "1.1.0"
      }
    }
  ],
  "version" : 2
}
